<Solution>
  <Project Path="CloudCommon.AssetBuilder/CloudCommon.AssetBuilder.csproj" />
  <Project Path="CloudCommon.Demo/CloudCommon.Demo.csproj" />
  <Project Path="CloudCommon.Geography/CloudCommon.Geography.csproj" />
  <Project Path="CloudCommon.Models/CloudCommon.Models.csproj" />
  <Project Path="CloudCommon.Package/CloudCommon.Package.csproj" />
  <Project Path="CloudCommon.Tests/CloudCommon.Tests.csproj" />
  <Project Path="CloudCommon.Theming.Blazor/CloudCommon.Theming.Blazor.csproj" />
  <Project Path="CloudCommon.Theming/CloudCommon.Theming.csproj" />
</Solution>

